{
	"name": "jobs_api",
	"version": "1.0.0",
	"lockfileVersion": 3,
	"requires": true,
	"packages": {
		"": {
			"name": "jobs_api",
			"version": "1.0.0",
			"dependencies": {
				"@zcatalyst/auth": "latest",
				"@zcatalyst/cache": "latest"
			}
		},
		"node_modules/@zcatalyst/auth": {
			"version": "1.0.0",
			"resolved": "https://registry.npmjs.org/@zcatalyst/auth/-/auth-1.0.0.tgz",
			"integrity": "sha512-Qih+vp6e4VpLwHqWiuPQikqT2qFqqqlReW+XE2fkdLkS8X2oJ9C4bS5dAbkMUWM2JCZpwSoMVjxfFoBSXF9hCw==",
			"license": "Apache-2.0",
			"dependencies": {
				"@zcatalyst/auth-admin": "^1.0.0",
				"@zcatalyst/auth-client": "^1.0.0",
				"@zcatalyst/transport": "^1.0.0",
				"@zcatalyst/utils": "^1.0.0"
			},
			"engines": {
				"node": ">=22"
			}
		},
		"node_modules/@zcatalyst/auth-admin": {
			"version": "1.0.0",
			"resolved": "https://registry.npmjs.org/@zcatalyst/auth-admin/-/auth-admin-1.0.0.tgz",
			"integrity": "sha512-YY2keEr65wmghlkgZYjwrA3GalCqxTfdikfGB8x8H67QN9WYSiZKqA9EfH7sj95aztGkKCRei8+qksq/PAv5wQ==",
			"license": "Apache-2.0",
			"dependencies": {
				"@zcatalyst/utils": "^1.0.0"
			},
			"engines": {
				"node": ">=22"
			}
		},
		"node_modules/@zcatalyst/auth-client": {
			"version": "1.0.0",
			"resolved": "https://registry.npmjs.org/@zcatalyst/auth-client/-/auth-client-1.0.0.tgz",
			"integrity": "sha512-+jLbHUMFuk4kch5Pw8s0y8c3U/c0B2kcOEWAK/m5BnMx8GMdu+L+3q51oJrNSzJ4MB11qyDbnHx3avcJXmV6kA==",
			"license": "Apache-2.0",
			"dependencies": {
				"@zcatalyst/utils": "^1.0.0"
			},
			"engines": {
				"node": ">=22"
			}
		},
		"node_modules/@zcatalyst/cache": {
			"version": "1.0.0",
			"resolved": "https://registry.npmjs.org/@zcatalyst/cache/-/cache-1.0.0.tgz",
			"integrity": "sha512-2DZmZ6YmxH+ETIqax/ZVNwG7RpdiBP3AVxyRAmcfkMzYOrRmANiFZih/aIop3qJ6xRzhE5z2XNMsFtZyhWU6AA==",
			"license": "Apache-2.0",
			"dependencies": {
				"@zcatalyst/transport": "^1.0.0",
				"@zcatalyst/utils": "^1.0.0"
			},
			"engines": {
				"node": ">=22"
			}
		},
		"node_modules/@zcatalyst/transport": {
			"version": "1.0.0",
			"resolved": "https://registry.npmjs.org/@zcatalyst/transport/-/transport-1.0.0.tgz",
			"integrity": "sha512-MYPBiid41uzEThvCutS2UiC/xwBqL4hlaabtIPDTEbWw8naDDHBFGAMWtWuzR5r2kGkHJT/VVyGWMQ+lImQNVQ==",
			"license": "Apache-2.0",
			"dependencies": {
				"@zcatalyst/auth-admin": "^1.0.0",
				"@zcatalyst/auth-client": "^1.0.0",
				"@zcatalyst/utils": "^1.0.0"
			},
			"engines": {
				"node": ">=22"
			}
		},
		"node_modules/@zcatalyst/utils": {
			"version": "1.0.0",
			"resolved": "https://registry.npmjs.org/@zcatalyst/utils/-/utils-1.0.0.tgz",
			"integrity": "sha512-G+tqnZYdWuCeiBKayYOLlTFlJp4pF8GuB0upxjcV0h5tK9du6Oafa6whjUakWrpverJQ5UePbV6ecjcwXSvsLw==",
			"license": "Apache-2.0",
			"engines": {
				"node": ">=22"
			}
		}
	}
}
